lockfileVersion: '9.0'

settings:
  autoInstallPeers: true
  excludeLinksFromLockfile: false

importers:

  .:
    dependencies:
      dotenv:
        specifier: ^16.4.5
        version: 16.4.5
      type-graphql:
        specifier: 2.0.0-rc.2
        version: 2.0.0-rc.2(graphql-scalars@1.24.2(graphql@16.11.0))(graphql@16.11.0)
    devDependencies:
      '@playwright/test':
        specifier: ^1.48.2
        version: 1.48.2
      '@types/node':
        specifier: ^22.9.0
        version: 22.9.0

packages:

  '@graphql-yoga/subscription@5.0.5':
    resolution: {integrity: sha512-oCMWOqFs6QV96/NZRt/ZhTQvzjkGB4YohBOpKM4jH/lDT4qb7Lex/aGCxpi/JD9njw3zBBtMqxbaC22+tFHVvw==}
    engines: {node: '>=18.0.0'}

  '@graphql-yoga/typed-event-target@3.0.2':
    resolution: {integrity: sha512-ZpJxMqB+Qfe3rp6uszCQoag4nSw42icURnBRfFYSOmTgEeOe4rD0vYlbA8spvCu2TlCesNTlEN9BLWtQqLxabA==}
    engines: {node: '>=18.0.0'}

  '@playwright/test@1.48.2':
    resolution: {integrity: sha512-54w1xCWfXuax7dz4W2M9uw0gDyh+ti/0K/MxcCUxChFh37kkdxPdfZDw5QBbuPUJHr1CiHJ1hXgSs+GgeQc5Zw==}
    engines: {node: '>=18'}
    hasBin: true

  '@repeaterjs/repeater@3.0.6':
    resolution: {integrity: sha512-Javneu5lsuhwNCryN+pXH93VPQ8g0dBX7wItHFgYiwQmzE1sVdg5tWHiOgHywzL2W21XQopa7IwIEnNbmeUJYA==}

  '@types/node@22.9.0':
    resolution: {integrity: sha512-vuyHg81vvWA1Z1ELfvLko2c8f34gyA0zaic0+Rllc5lbCnbSyuvb2Oxpm6TAUAC/2xZN3QGqxBNggD1nNR2AfQ==}

  '@types/semver@7.7.0':
    resolution: {integrity: sha512-k107IF4+Xr7UHjwDc7Cfd6PRQfbdkiRabXGRjo07b4WyPahFBZCZ1sE+BNxYIJPPg73UkfOsVOLwqVc/6ETrIA==}

  '@whatwg-node/events@0.1.2':
    resolution: {integrity: sha512-ApcWxkrs1WmEMS2CaLLFUEem/49erT3sxIVjpzU5f6zmVcnijtDSrhoK2zVobOIikZJdH63jdAXOrvjf6eOUNQ==}
    engines: {node: '>=18.0.0'}

  dotenv@16.4.5:
    resolution: {integrity: sha512-ZmdL2rui+eB2YwhsWzjInR8LldtZHGDoQ1ugH85ppHKwpUHL7j7rN0Ti9NCnGiQbhaZ11FpR+7ao1dNsmduNUg==}
    engines: {node: '>=12'}

  fsevents@2.3.2:
    resolution: {integrity: sha512-xiqMQR4xAeHTuB9uWm+fFRcIOgKBMiOBP+eXiyT7jsgVCq1bkVygt00oASowB7EdtpOHaaPgKt812P9ab+DDKA==}
    engines: {node: ^8.16.0 || ^10.6.0 || >=11.0.0}
    os: [darwin]

  graphql-query-complexity@0.12.0:
    resolution: {integrity: sha512-fWEyuSL6g/+nSiIRgIipfI6UXTI7bAxrpPlCY1c0+V3pAEUo1ybaKmSBgNr1ed2r+agm1plJww8Loig9y6s2dw==}
    peerDependencies:
      graphql: ^14.6.0 || ^15.0.0 || ^16.0.0

  graphql-scalars@1.24.2:
    resolution: {integrity: sha512-FoZ11yxIauEnH0E5rCUkhDXHVn/A6BBfovJdimRZCQlFCl+h7aVvarKmI15zG4VtQunmCDdqdtNs6ixThy3uAg==}
    engines: {node: '>=10'}
    peerDependencies:
      graphql: ^0.8.0 || ^0.9.0 || ^0.10.0 || ^0.11.0 || ^0.12.0 || ^0.13.0 || ^14.0.0 || ^15.0.0 || ^16.0.0

  graphql@16.11.0:
    resolution: {integrity: sha512-mS1lbMsxgQj6hge1XZ6p7GPhbrtFwUFYi3wRzXAC/FmYnyXMTvvI3td3rjmQ2u8ewXueaSvRPWaEcgVVOT9Jnw==}
    engines: {node: ^12.22.0 || ^14.16.0 || ^16.0.0 || >=17.0.0}

  lodash.get@4.4.2:
    resolution: {integrity: sha512-z+Uw/vLuy6gQe8cfaFWD7p0wVv8fJl3mbzXh33RS+0oW2wvUqiRXiQ69gLWSLpgB5/6sU+r6BlQR0MBILadqTQ==}
    deprecated: This package is deprecated. Use the optional chaining (?.) operator instead.

  playwright-core@1.48.2:
    resolution: {integrity: sha512-sjjw+qrLFlriJo64du+EK0kJgZzoQPsabGF4lBvsid+3CNIZIYLgnMj9V6JY5VhM2Peh20DJWIVpVljLLnlawA==}
    engines: {node: '>=18'}
    hasBin: true

  playwright@1.48.2:
    resolution: {integrity: sha512-NjYvYgp4BPmiwfe31j4gHLa3J7bD2WiBz8Lk2RoSsmX38SVIARZ18VYjxLjAcDsAhA+F4iSEXTSGgjua0rrlgQ==}
    engines: {node: '>=18'}
    hasBin: true

  semver@7.7.2:
    resolution: {integrity: sha512-RF0Fw+rO5AMf9MAyaRXI4AV0Ulj5lMHqVxxdSgiVbixSCXoEmmX/jk0CuJw4+3SqroYO9VoUh+HcuJivvtJemA==}
    engines: {node: '>=10'}
    hasBin: true

  tslib@2.8.1:
    resolution: {integrity: sha512-oJFu94HQb+KVduSUQL7wnpmqnfmLsOA/nAh6b6EH0wCEoK0/mPeXU6c3wKDV83MkOuHPRHtSXKKU99IBazS/2w==}

  type-graphql@2.0.0-rc.2:
    resolution: {integrity: sha512-DJ8erG1cmjteMrOhFIkBHOqRM+L+wCJxvNjbbj1Y+q2r4HZkB1qOSS4ZD4AaoAfRPAp1yU23gMtmzf0jen/FFA==}
    engines: {node: '>= 18.12.0'}
    peerDependencies:
      class-validator: '>=0.14.0'
      graphql: ^16.8.1
      graphql-scalars: ^1.23.0
    peerDependenciesMeta:
      class-validator:
        optional: true

  undici-types@6.19.8:
    resolution: {integrity: sha512-ve2KP6f/JnbPBFyobGHuerC9g1FYGn/F8n1LWTwNxCEzd6IfqTwUQcNXgEtmmQ6DlRrC1hrSrBnCZPokRrDHjw==}

snapshots:

  '@graphql-yoga/subscription@5.0.5':
    dependencies:
      '@graphql-yoga/typed-event-target': 3.0.2
      '@repeaterjs/repeater': 3.0.6
      '@whatwg-node/events': 0.1.2
      tslib: 2.8.1

  '@graphql-yoga/typed-event-target@3.0.2':
    dependencies:
      '@repeaterjs/repeater': 3.0.6
      tslib: 2.8.1

  '@playwright/test@1.48.2':
    dependencies:
      playwright: 1.48.2

  '@repeaterjs/repeater@3.0.6': {}

  '@types/node@22.9.0':
    dependencies:
      undici-types: 6.19.8

  '@types/semver@7.7.0': {}

  '@whatwg-node/events@0.1.2':
    dependencies:
      tslib: 2.8.1

  dotenv@16.4.5: {}

  fsevents@2.3.2:
    optional: true

  graphql-query-complexity@0.12.0(graphql@16.11.0):
    dependencies:
      graphql: 16.11.0
      lodash.get: 4.4.2

  graphql-scalars@1.24.2(graphql@16.11.0):
    dependencies:
      graphql: 16.11.0
      tslib: 2.8.1

  graphql@16.11.0: {}

  lodash.get@4.4.2: {}

  playwright-core@1.48.2: {}

  playwright@1.48.2:
    dependencies:
      playwright-core: 1.48.2
    optionalDependencies:
      fsevents: 2.3.2

  semver@7.7.2: {}

  tslib@2.8.1: {}

  type-graphql@2.0.0-rc.2(graphql-scalars@1.24.2(graphql@16.11.0))(graphql@16.11.0):
    dependencies:
      '@graphql-yoga/subscription': 5.0.5
      '@types/node': 22.9.0
      '@types/semver': 7.7.0
      graphql: 16.11.0
      graphql-query-complexity: 0.12.0(graphql@16.11.0)
      graphql-scalars: 1.24.2(graphql@16.11.0)
      semver: 7.7.2
      tslib: 2.8.1

  undici-types@6.19.8: {}
